
Microsoft Visual Studio Solution File, Format Version 12.00
# Visual Studio Version 17
VisualStudioVersion = 17.4.33205.214
MinimumVisualStudioVersion = 10.0.40219.1
Project("{FAE04EC0-301F-11D3-BF4B-00C04F79EFBC}") = "Atelier_Practice", "Atelier_Practice\Atelier_Practice.csproj", "{305A4C0C-1107-4C4F-B269-8F36F9EA1F62}"
EndProject
Global
	GlobalSection(SolutionConfigurationPlatforms) = preSolution
		Debug|Any CPU = Debug|Any CPU
		Release|Any CPU = Release|Any CPU
	EndGlobalSection
	GlobalSection(ProjectConfigurationPlatforms) = postSolution
		{305A4C0C-1107-4C4F-B269-8F36F9EA1F62}.Debug|Any CPU.ActiveCfg = Debug|Any CPU
		{305A4C0C-1107-4C4F-B269-8F36F9EA1F62}.Debug|Any CPU.Build.0 = Debug|Any CPU
		{305A4C0C-1107-4C4F-B269-8F36F9EA1F62}.Release|Any CPU.ActiveCfg = Release|Any CPU
		{305A4C0C-1107-4C4F-B269-8F36F9EA1F62}.Release|Any CPU.Build.0 = Release|Any CPU
	EndGlobalSection
	GlobalSection(SolutionProperties) = preSolution
		HideSolutionNode = FALSE
	EndGlobalSection
	GlobalSection(ExtensibilityGlobals) = postSolution
		SolutionGuid = {4434EAAF-7030-4DEA-B177-BDC4B18788B9}
	EndGlobalSection
EndGlobal
